// !$*UTF8*$!
{
	archiveVersion = 1;
	classes = {
	};
	objectVersion = 46;
	objects = {

/* Begin PBXBuildFile section */
		6C0ABFE4198DF80300E7B7C1 /* MapViewController.m in Sources */ = {isa = PBXBuildFile; fileRef = 6C0ABFE2198DF80300E7B7C1 /* MapViewController.m */; };
		6C0ABFE5198DF80300E7B7C1 /* MapViewController.xib in Resources */ = {isa = PBXBuildFile; fileRef = 6C0ABFE3198DF80300E7B7C1 /* MapViewController.xib */; };
		6C504332198DED3700DF881F /* Foundation.framework in Frameworks */ = {isa = PBXBuildFile; fileRef = 6C504331198DED3700DF881F /* Foundation.framework */; };
		6C504334198DED3700DF881F /* CoreGraphics.framework in Frameworks */ = {isa = PBXBuildFile; fileRef = 6C504333198DED3700DF881F /* CoreGraphics.framework */; };
		6C504336198DED3700DF881F /* UIKit.framework in Frameworks */ = {isa = PBXBuildFile; fileRef = 6C504335198DED3700DF881F /* UIKit.framework */; };
		6C50433C198DED3700DF881F /* InfoPlist.strings in Resources */ = {isa = PBXBuildFile; fileRef = 6C50433A198DED3700DF881F /* InfoPlist.strings */; };
		6C50433E198DED3700DF881F /* main.m in Sources */ = {isa = PBXBuildFile; fileRef = 6C50433D198DED3700DF881F /* main.m */; };
		6C504342198DED3700DF881F /* AppDelegate.m in Sources */ = {isa = PBXBuildFile; fileRef = 6C504341198DED3700DF881F /* AppDelegate.m */; };
		6C504344198DED3700DF881F /* Images.xcassets in Resources */ = {isa = PBXBuildFile; fileRef = 6C504343198DED3700DF881F /* Images.xcassets */; };
		6C50434B198DED3700DF881F /* XCTest.framework in Frameworks */ = {isa = PBXBuildFile; fileRef = 6C50434A198DED3700DF881F /* XCTest.framework */; };
		6C50434C198DED3700DF881F /* Foundation.framework in Frameworks */ = {isa = PBXBuildFile; fileRef = 6C504331198DED3700DF881F /* Foundation.framework */; };
		6C50434D198DED3700DF881F /* UIKit.framework in Frameworks */ = {isa = PBXBuildFile; fileRef = 6C504335198DED3700DF881F /* UIKit.framework */; };
		6C504355198DED3700DF881F /* InfoPlist.strings in Resources */ = {isa = PBXBuildFile; fileRef = 6C504353198DED3700DF881F /* InfoPlist.strings */; };
		6C504357198DED3700DF881F /* BeaconGuideTests.m in Sources */ = {isa = PBXBuildFile; fileRef = 6C504356198DED3700DF881F /* BeaconGuideTests.m */; };
		6C504364198DEEA400DF881F /* LoginViewController.m in Sources */ = {isa = PBXBuildFile; fileRef = 6C504362198DEEA400DF881F /* LoginViewController.m */; };
		6C504365198DEEA400DF881F /* LoginViewController.xib in Resources */ = {isa = PBXBuildFile; fileRef = 6C504363198DEEA400DF881F /* LoginViewController.xib */; };
		6C504369198DEF7100DF881F /* SearchViewController.m in Sources */ = {isa = PBXBuildFile; fileRef = 6C504367198DEF7100DF881F /* SearchViewController.m */; };
		6C50436A198DEF7100DF881F /* SearchViewController.xib in Resources */ = {isa = PBXBuildFile; fileRef = 6C504368198DEF7100DF881F /* SearchViewController.xib */; };
		6C5BEDE2198E0B3800368A60 /* categoryTableViewCell.m in Sources */ = {isa = PBXBuildFile; fileRef = 6C5BEDE0198E0B3800368A60 /* categoryTableViewCell.m */; };
		6C5BEDE3198E0B3800368A60 /* categoryTableViewCell.xib in Resources */ = {isa = PBXBuildFile; fileRef = 6C5BEDE1198E0B3800368A60 /* categoryTableViewCell.xib */; };
/* End PBXBuildFile section */

/* Begin PBXContainerItemProxy section */
		6C50434E198DED3700DF881F /* PBXContainerItemProxy */ = {
			isa = PBXContainerItemProxy;
			containerPortal = 6C504326198DED3700DF881F /* Project object */;
			proxyType = 1;
			remoteGlobalIDString = 6C50432D198DED3700DF881F;
			remoteInfo = BeaconGuide;
		};
/* End PBXContainerItemProxy section */

/* Begin PBXFileReference section */
		6C0ABFE1198DF80300E7B7C1 /* MapViewController.h */ = {isa = PBXFileReference; fileEncoding = 4; lastKnownFileType = sourcecode.c.h; path = MapViewController.h; sourceTree = "<group>"; };
		6C0ABFE2198DF80300E7B7C1 /* MapViewController.m */ = {isa = PBXFileReference; fileEncoding = 4; lastKnownFileType = sourcecode.c.objc; path = MapViewController.m; sourceTree = "<group>"; };
		6C0ABFE3198DF80300E7B7C1 /* MapViewController.xib */ = {isa = PBXFileReference; fileEncoding = 4; lastKnownFileType = file.xib; path = MapViewController.xib; sourceTree = "<group>"; };
		6C50432E198DED3700DF881F /* BeaconGuide.app */ = {isa = PBXFileReference; explicitFileType = wrapper.application; includeInIndex = 0; path = BeaconGuide.app; sourceTree = BUILT_PRODUCTS_DIR; };
		6C504331198DED3700DF881F /* Foundation.framework */ = {isa = PBXFileReference; lastKnownFileType = wrapper.framework; name = Foundation.framework; path = System/Library/Frameworks/Foundation.framework; sourceTree = SDKROOT; };
		6C504333198DED3700DF881F /* CoreGraphics.framework */ = {isa = PBXFileReference; lastKnownFileType = wrapper.framework; name = CoreGraphics.framework; path = System/Library/Frameworks/CoreGraphics.framework; sourceTree = SDKROOT; };
		6C504335198DED3700DF881F /* UIKit.framework */ = {isa = PBXFileReference; lastKnownFileType = wrapper.framework; name = UIKit.framework; path = System/Library/Frameworks/UIKit.framework; sourceTree = SDKROOT; };
		6C504339198DED3700DF881F /* BeaconGuide-Info.plist */ = {isa = PBXFileReference; lastKnownFileType = text.plist.xml; path = "BeaconGuide-Info.plist"; sourceTree = "<group>"; };
		6C50433B198DED3700DF881F /* en */ = {isa = PBXFileReference; lastKnownFileType = text.plist.strings; name = en; path = en.lproj/InfoPlist.strings; sourceTree = "<group>"; };
		6C50433D198DED3700DF881F /* main.m */ = {isa = PBXFileReference; lastKnownFileType = sourcecode.c.objc; path = main.m; sourceTree = "<group>"; };
		6C50433F198DED3700DF881F /* BeaconGuide-Prefix.pch */ = {isa = PBXFileReference; lastKnownFileType = sourcecode.c.h; path = "BeaconGuide-Prefix.pch"; sourceTree = "<group>"; };
		6C504340198DED3700DF881F /* AppDelegate.h */ = {isa = PBXFileReference; lastKnownFileType = sourcecode.c.h; path = AppDelegate.h; sourceTree = "<group>"; };
		6C504341198DED3700DF881F /* AppDelegate.m */ = {isa = PBXFileReference; lastKnownFileType = sourcecode.c.objc; path = AppDelegate.m; sourceTree = "<group>"; };
		6C504343198DED3700DF881F /* Images.xcassets */ = {isa = PBXFileReference; lastKnownFileType = folder.assetcatalog; path = Images.xcassets; sourceTree = "<group>"; };
		6C504349198DED3700DF881F /* BeaconGuideTests.xctest */ = {isa = PBXFileReference; explicitFileType = wrapper.cfbundle; includeInIndex = 0; path = BeaconGuideTests.xctest; sourceTree = BUILT_PRODUCTS_DIR; };
		6C50434A198DED3700DF881F /* XCTest.framework */ = {isa = PBXFileReference; lastKnownFileType = wrapper.framework; name = XCTest.framework; path = Library/Frameworks/XCTest.framework; sourceTree = DEVELOPER_DIR; };
		6C504352198DED3700DF881F /* BeaconGuideTests-Info.plist */ = {isa = PBXFileReference; lastKnownFileType = text.plist.xml; path = "BeaconGuideTests-Info.plist"; sourceTree = "<group>"; };
		6C504354198DED3700DF881F /* en */ = {isa = PBXFileReference; lastKnownFileType = text.plist.strings; name = en; path = en.lproj/InfoPlist.strings; sourceTree = "<group>"; };
		6C504356198DED3700DF881F /* BeaconGuideTests.m */ = {isa = PBXFileReference; lastKnownFileType = sourcecode.c.objc; path = BeaconGuideTests.m; sourceTree = "<group>"; };
		6C504361198DEEA400DF881F /* LoginViewController.h */ = {isa = PBXFileReference; fileEncoding = 4; lastKnownFileType = sourcecode.c.h; path = LoginViewController.h; sourceTree = "<group>"; };
		6C504362198DEEA400DF881F /* LoginViewController.m */ = {isa = PBXFileReference; fileEncoding = 4; lastKnownFileType = sourcecode.c.objc; path = LoginViewController.m; sourceTree = "<group>"; };
		6C504363198DEEA400DF881F /* LoginViewController.xib */ = {isa = PBXFileReference; fileEncoding = 4; lastKnownFileType = file.xib; path = LoginViewController.xib; sourceTree = "<group>"; };
		6C504366198DEF7100DF881F /* SearchViewController.h */ = {isa = PBXFileReference; fileEncoding = 4; lastKnownFileType = sourcecode.c.h; path = SearchViewController.h; sourceTree = "<group>"; };
		6C504367198DEF7100DF881F /* SearchViewController.m */ = {isa = PBXFileReference; fileEncoding = 4; lastKnownFileType = sourcecode.c.objc; path = SearchViewController.m; sourceTree = "<group>"; };
		6C504368198DEF7100DF881F /* SearchViewController.xib */ = {isa = PBXFileReference; fileEncoding = 4; lastKnownFileType = file.xib; path = SearchViewController.xib; sourceTree = "<group>"; };
		6C5BEDDF198E0B3800368A60 /* categoryTableViewCell.h */ = {isa = PBXFileReference; fileEncoding = 4; lastKnownFileType = sourcecode.c.h; path = categoryTableViewCell.h; sourceTree = "<group>"; };
		6C5BEDE0198E0B3800368A60 /* categoryTableViewCell.m */ = {isa = PBXFileReference; fileEncoding = 4; lastKnownFileType = sourcecode.c.objc; path = categoryTableViewCell.m; sourceTree = "<group>"; };
		6C5BEDE1198E0B3800368A60 /* categoryTableViewCell.xib */ = {isa = PBXFileReference; fileEncoding = 4; lastKnownFileType = file.xib; path = categoryTableViewCell.xib; sourceTree = "<group>"; };
/* End PBXFileReference section */

/* Begin PBXFrameworksBuildPhase section */
		6C50432B198DED3700DF881F /* Frameworks */ = {
			isa = PBXFrameworksBuildPhase;
			buildActionMask = 2147483647;
			files = (
				6C504334198DED3700DF881F /* CoreGraphics.framework in Frameworks */,
				6C504336198DED3700DF881F /* UIKit.framework in Frameworks */,
				6C504332198DED3700DF881F /* Foundation.framework in Frameworks */,
			);
			runOnlyForDeploymentPostprocessing = 0;
		};
		6C504346198DED3700DF881F /* Frameworks */ = {
			isa = PBXFrameworksBuildPhase;
			buildActionMask = 2147483647;
			files = (
				6C50434B198DED3700DF881F /* XCTest.framework in Frameworks */,
				6C50434D198DED3700DF881F /* UIKit.framework in Frameworks */,
				6C50434C198DED3700DF881F /* Foundation.framework in Frameworks */,
			);
			runOnlyForDeploymentPostprocessing = 0;
		};
/* End PBXFrameworksBuildPhase section */

/* Begin PBXGroup section */
		6C504325198DED3700DF881F = {
			isa = PBXGroup;
			children = (
				6C504337198DED3700DF881F /* BeaconGuide */,
				6C504350198DED3700DF881F /* BeaconGuideTests */,
				6C504330198DED3700DF881F /* Frameworks */,
				6C50432F198DED3700DF881F /* Products */,
			);
			sourceTree = "<group>";
		};
		6C50432F198DED3700DF881F /* Products */ = {
			isa = PBXGroup;
			children = (
				6C50432E198DED3700DF881F /* BeaconGuide.app */,
				6C504349198DED3700DF881F /* BeaconGuideTests.xctest */,
			);
			name = Products;
			sourceTree = "<group>";
		};
		6C504330198DED3700DF881F /* Frameworks */ = {
			isa = PBXGroup;
			children = (
				6C504331198DED3700DF881F /* Foundation.framework */,
				6C504333198DED3700DF881F /* CoreGraphics.framework */,
				6C504335198DED3700DF881F /* UIKit.framework */,
				6C50434A198DED3700DF881F /* XCTest.framework */,
			);
			name = Frameworks;
			sourceTree = "<group>";
		};
		6C504337198DED3700DF881F /* BeaconGuide */ = {
			isa = PBXGroup;
			children = (
				6C504360198DED4A00DF881F /* viewsController */,
				6C504340198DED3700DF881F /* AppDelegate.h */,
				6C504341198DED3700DF881F /* AppDelegate.m */,
				6C504343198DED3700DF881F /* Images.xcassets */,
				6C504338198DED3700DF881F /* Supporting Files */,
			);
			path = BeaconGuide;
			sourceTree = "<group>";
		};
		6C504338198DED3700DF881F /* Supporting Files */ = {
			isa = PBXGroup;
			children = (
				6C504339198DED3700DF881F /* BeaconGuide-Info.plist */,
				6C50433A198DED3700DF881F /* InfoPlist.strings */,
				6C50433D198DED3700DF881F /* main.m */,
				6C50433F198DED3700DF881F /* BeaconGuide-Prefix.pch */,
			);
			name = "Supporting Files";
			sourceTree = "<group>";
		};
		6C504350198DED3700DF881F /* BeaconGuideTests */ = {
			isa = PBXGroup;
			children = (
				6C504356198DED3700DF881F /* BeaconGuideTests.m */,
				6C504351198DED3700DF881F /* Supporting Files */,
			);
			path = BeaconGuideTests;
			sourceTree = "<group>";
		};
		6C504351198DED3700DF881F /* Supporting Files */ = {
			isa = PBXGroup;
			children = (
				6C504352198DED3700DF881F /* BeaconGuideTests-Info.plist */,
				6C504353198DED3700DF881F /* InfoPlist.strings */,
			);
			name = "Supporting Files";
			sourceTree = "<group>";
		};
		6C504360198DED4A00DF881F /* viewsController */ = {
			isa = PBXGroup;
			children = (
				6C504361198DEEA400DF881F /* LoginViewController.h */,
				6C504362198DEEA400DF881F /* LoginViewController.m */,
				6C504363198DEEA400DF881F /* LoginViewController.xib */,
				6C504366198DEF7100DF881F /* SearchViewController.h */,
				6C504367198DEF7100DF881F /* SearchViewController.m */,
				6C504368198DEF7100DF881F /* SearchViewController.xib */,
				6C0ABFE1198DF80300E7B7C1 /* MapViewController.h */,
				6C0ABFE2198DF80300E7B7C1 /* MapViewController.m */,
				6C0ABFE3198DF80300E7B7C1 /* MapViewController.xib */,
				6C5BEDDF198E0B3800368A60 /* categoryTableViewCell.h */,
				6C5BEDE0198E0B3800368A60 /* categoryTableViewCell.m */,
				6C5BEDE1198E0B3800368A60 /* categoryTableViewCell.xib */,
			);
			name = viewsController;
			sourceTree = "<group>";
		};
/* End PBXGroup section */

/* Begin PBXNativeTarget section */
		6C50432D198DED3700DF881F /* BeaconGuide */ = {
			isa = PBXNativeTarget;
			buildConfigurationList = 6C50435A198DED3700DF881F /* Build configuration list for PBXNativeTarget "BeaconGuide" */;
			buildPhases = (
				6C50432A198DED3700DF881F /* Sources */,
				6C50432B198DED3700DF881F /* Frameworks */,
				6C50432C198DED3700DF881F /* Resources */,
			);
			buildRules = (
			);
			dependencies = (
			);
			name = BeaconGuide;
			productName = BeaconGuide;
			productReference = 6C50432E198DED3700DF881F /* BeaconGuide.app */;
			productType = "com.apple.product-type.application";
		};
		6C504348198DED3700DF881F /* BeaconGuideTests */ = {
			isa = PBXNativeTarget;
			buildConfigurationList = 6C50435D198DED3700DF881F /* Build configuration list for PBXNativeTarget "BeaconGuideTests" */;
			buildPhases = (
				6C504345198DED3700DF881F /* Sources */,
				6C504346198DED3700DF881F /* Frameworks */,
				6C504347198DED3700DF881F /* Resources */,
			);
			buildRules = (
			);
			dependencies = (
				6C50434F198DED3700DF881F /* PBXTargetDependency */,
			);
			name = BeaconGuideTests;
			productName = BeaconGuideTests;
			productReference = 6C504349198DED3700DF881F /* BeaconGuideTests.xctest */;
			productType = "com.apple.product-type.bundle.unit-test";
		};
/* End PBXNativeTarget section */

/* Begin PBXProject section */
		6C504326198DED3700DF881F /* Project object */ = {
			isa = PBXProject;
			attributes = {
				LastUpgradeCheck = 0510;
				ORGANIZATIONNAME = Beacon_Guide;
				TargetAttributes = {
					6C504348198DED3700DF881F = {
						TestTargetID = 6C50432D198DED3700DF881F;
					};
				};
			};
			buildConfigurationList = 6C504329198DED3700DF881F /* Build configuration list for PBXProject "BeaconGuide" */;
			compatibilityVersion = "Xcode 3.2";
			developmentRegion = English;
			hasScannedForEncodings = 0;
			knownRegions = (
				en,
			);
			mainGroup = 6C504325198DED3700DF881F;
			productRefGroup = 6C50432F198DED3700DF881F /* Products */;
			projectDirPath = "";
			projectRoot = "";
			targets = (
				6C50432D198DED3700DF881F /* BeaconGuide */,
				6C504348198DED3700DF881F /* BeaconGuideTests */,
			);
		};
/* End PBXProject section */

/* Begin PBXResourcesBuildPhase section */
		6C50432C198DED3700DF881F /* Resources */ = {
			isa = PBXResourcesBuildPhase;
			buildActionMask = 2147483647;
			files = (
				6C50433C198DED3700DF881F /* InfoPlist.strings in Resources */,
				6C5BEDE3198E0B3800368A60 /* categoryTableViewCell.xib in Resources */,
				6C504344198DED3700DF881F /* Images.xcassets in Resources */,
				6C50436A198DEF7100DF881F /* SearchViewController.xib in Resources */,
				6C0ABFE5198DF80300E7B7C1 /* MapViewController.xib in Resources */,
				6C504365198DEEA400DF881F /* LoginViewController.xib in Resources */,
			);
			runOnlyForDeploymentPostprocessing = 0;
		};
		6C504347198DED3700DF881F /* Resources */ = {
			isa = PBXResourcesBuildPhase;
			buildActionMask = 2147483647;
			files = (
				6C504355198DED3700DF881F /* InfoPlist.strings in Resources */,
			);
			runOnlyForDeploymentPostprocessing = 0;
		};
/* End PBXResourcesBuildPhase section */

/* Begin PBXSourcesBuildPhase section */
		6C50432A198DED3700DF881F /* Sources */ = {
			isa = PBXSourcesBuildPhase;
			buildActionMask = 2147483647;
			files = (
				6C504342198DED3700DF881F /* AppDelegate.m in Sources */,
				6C50433E198DED3700DF881F /* main.m in Sources */,
				6C0ABFE4198DF80300E7B7C1 /* MapViewController.m in Sources */,
				6C5BEDE2198E0B3800368A60 /* categoryTableViewCell.m in Sources */,
				6C504369198DEF7100DF881F /* SearchViewController.m in Sources */,
				6C504364198DEEA400DF881F /* LoginViewController.m in Sources */,
			);
			runOnlyForDeploymentPostprocessing = 0;
		};
		6C504345198DED3700DF881F /* Sources */ = {
			isa = PBXSourcesBuildPhase;
			buildActionMask = 2147483647;
			files = (
				6C504357198DED3700DF881F /* BeaconGuideTests.m in Sources */,
			);
			runOnlyForDeploymentPostprocessing = 0;
		};
/* End PBXSourcesBuildPhase section */

/* Begin PBXTargetDependency section */
		6C50434F198DED3700DF881F /* PBXTargetDependency */ = {
			isa = PBXTargetDependency;
			target = 6C50432D198DED3700DF881F /* BeaconGuide */;
			targetProxy = 6C50434E198DED3700DF881F /* PBXContainerItemProxy */;
		};
/* End PBXTargetDependency section */

/* Begin PBXVariantGroup section */
		6C50433A198DED3700DF881F /* InfoPlist.strings */ = {
			isa = PBXVariantGroup;
			children = (
				6C50433B198DED3700DF881F /* en */,
			);
			name = InfoPlist.strings;
			sourceTree = "<group>";
		};
		6C504353198DED3700DF881F /* InfoPlist.strings */ = {
			isa = PBXVariantGroup;
			children = (
				6C504354198DED3700DF881F /* en */,
			);
			name = InfoPlist.strings;
			sourceTree = "<group>";
		};
/* End PBXVariantGroup section */

/* Begin XCBuildConfiguration section */
		6C504358198DED3700DF881F /* Debug */ = {
			isa = XCBuildConfiguration;
			buildSettings = {
				ALWAYS_SEARCH_USER_PATHS = NO;
				CLANG_CXX_LANGUAGE_STANDARD = "gnu++0x";
				CLANG_CXX_LIBRARY = "libc++";
				CLANG_ENABLE_MODULES = YES;
				CLANG_ENABLE_OBJC_ARC = YES;
				CLANG_WARN_BOOL_CONVERSION = YES;
				CLANG_WARN_CONSTANT_CONVERSION = YES;
				CLANG_WARN_DIRECT_OBJC_ISA_USAGE = YES_ERROR;
				CLANG_WARN_EMPTY_BODY = YES;
				CLANG_WARN_ENUM_CONVERSION = YES;
				CLANG_WARN_INT_CONVERSION = YES;
				CLANG_WARN_OBJC_ROOT_CLASS = YES_ERROR;
				CLANG_WARN__DUPLICATE_METHOD_MATCH = YES;
				"CODE_SIGN_IDENTITY[sdk=iphoneos*]" = "iPhone Developer";
				COPY_PHASE_STRIP = NO;
				GCC_C_LANGUAGE_STANDARD = gnu99;
				GCC_DYNAMIC_NO_PIC = NO;
				GCC_OPTIMIZATION_LEVEL = 0;
				GCC_PREPROCESSOR_DEFINITIONS = (
					"DEBUG=1",
					"$(inherited)",
				);
				GCC_SYMBOLS_PRIVATE_EXTERN = NO;
				GCC_WARN_64_TO_32_BIT_CONVERSION = YES;
				GCC_WARN_ABOUT_RETURN_TYPE = YES_ERROR;
				GCC_WARN_UNDECLARED_SELECTOR = YES;
				GCC_WARN_UNINITIALIZED_AUTOS = YES_AGGRESSIVE;
				GCC_WARN_UNUSED_FUNCTION = YES;
				GCC_WARN_UNUSED_VARIABLE = YES;
				IPHONEOS_DEPLOYMENT_TARGET = 7.1;
				ONLY_ACTIVE_ARCH = YES;
				SDKROOT = iphoneos;
				TARGETED_DEVICE_FAMILY = "1,2";
			};
			name = Debug;
		};
		6C504359198DED3700DF881F /* Release */ = {
			isa = XCBuildConfiguration;
			buildSettings = {
				ALWAYS_SEARCH_USER_PATHS = NO;
				CLANG_CXX_LANGUAGE_STANDARD = "gnu++0x";
				CLANG_CXX_LIBRARY = "libc++";
				CLANG_ENABLE_MODULES = YES;
				CLANG_ENABLE_OBJC_ARC = YES;
				CLANG_WARN_BOOL_CONVERSION = YES;
				CLANG_WARN_CONSTANT_CONVERSION = YES;
				CLANG_WARN_DIRECT_OBJC_ISA_USAGE = YES_ERROR;
				CLANG_WARN_EMPTY_BODY = YES;
				CLANG_WARN_ENUM_CONVERSION = YES;
				CLANG_WARN_INT_CONVERSION = YES;
				CLANG_WARN_OBJC_ROOT_CLASS = YES_ERROR;
				CLANG_WARN__DUPLICATE_METHOD_MATCH = YES;
				"CODE_SIGN_IDENTITY[sdk=iphoneos*]" = "iPhone Developer";
				COPY_PHASE_STRIP = YES;
				ENABLE_NS_ASSERTIONS = NO;
				GCC_C_LANGUAGE_STANDARD = gnu99;
				GCC_WARN_64_TO_32_BIT_CONVERSION = YES;
				GCC_WARN_ABOUT_RETURN_TYPE = YES_ERROR;
				GCC_WARN_UNDECLARED_SELECTOR = YES;
				GCC_WARN_UNINITIALIZED_AUTOS = YES_AGGRESSIVE;
				GCC_WARN_UNUSED_FUNCTION = YES;
				GCC_WARN_UNUSED_VARIABLE = YES;
				IPHONEOS_DEPLOYMENT_TARGET = 7.1;
				SDKROOT = iphoneos;
				TARGETED_DEVICE_FAMILY = "1,2";
				VALIDATE_PRODUCT = YES;
			};
			name = Release;
		};
		6C50435B198DED3700DF881F /* Debug */ = {
			isa = XCBuildConfiguration;
			buildSettings = {
				ASSETCATALOG_COMPILER_APPICON_NAME = AppIcon;
				ASSETCATALOG_COMPILER_LAUNCHIMAGE_NAME = LaunchImage;
				GCC_PRECOMPILE_PREFIX_HEADER = YES;
				GCC_PREFIX_HEADER = "BeaconGuide/BeaconGuide-Prefix.pch";
				INFOPLIST_FILE = "BeaconGuide/BeaconGuide-Info.plist";
				PRODUCT_NAME = "$(TARGET_NAME)";
				WRAPPER_EXTENSION = app;
			};
			name = Debug;
		};
		6C50435C198DED3700DF881F /* Release */ = {
			isa = XCBuildConfiguration;
			buildSettings = {
				ASSETCATALOG_COMPILER_APPICON_NAME = AppIcon;
				ASSETCATALOG_COMPILER_LAUNCHIMAGE_NAME = LaunchImage;
				GCC_PRECOMPILE_PREFIX_HEADER = YES;
				GCC_PREFIX_HEADER = "BeaconGuide/BeaconGuide-Prefix.pch";
				INFOPLIST_FILE = "BeaconGuide/BeaconGuide-Info.plist";
				PRODUCT_NAME = "$(TARGET_NAME)";
				WRAPPER_EXTENSION = app;
			};
			name = Release;
		};
		6C50435E198DED3700DF881F /* Debug */ = {
			isa = XCBuildConfiguration;
			buildSettings = {
				BUNDLE_LOADER = "$(BUILT_PRODUCTS_DIR)/BeaconGuide.app/BeaconGuide";
				FRAMEWORK_SEARCH_PATHS = (
					"$(SDKROOT)/Developer/Library/Frameworks",
					"$(inherited)",
					"$(DEVELOPER_FRAMEWORKS_DIR)",
				);
				GCC_PRECOMPILE_PREFIX_HEADER = YES;
				GCC_PREFIX_HEADER = "BeaconGuide/BeaconGuide-Prefix.pch";
				GCC_PREPROCESSOR_DEFINITIONS = (
					"DEBUG=1",
					"$(inherited)",
				);
				INFOPLIST_FILE = "BeaconGuideTests/BeaconGuideTests-Info.plist";
				PRODUCT_NAME = "$(TARGET_NAME)";
				TEST_HOST = "$(BUNDLE_LOADER)";
				WRAPPER_EXTENSION = xctest;
			};
			name = Debug;
		};
		6C50435F198DED3700DF881F /* Release */ = {
			isa = XCBuildConfiguration;
			buildSettings = {
				BUNDLE_LOADER = "$(BUILT_PRODUCTS_DIR)/BeaconGuide.app/BeaconGuide";
				FRAMEWORK_SEARCH_PATHS = (
					"$(SDKROOT)/Developer/Library/Frameworks",
					"$(inherited)",
					"$(DEVELOPER_FRAMEWORKS_DIR)",
				);
				GCC_PRECOMPILE_PREFIX_HEADER = YES;
				GCC_PREFIX_HEADER = "BeaconGuide/BeaconGuide-Prefix.pch";
				INFOPLIST_FILE = "BeaconGuideTests/BeaconGuideTests-Info.plist";
				PRODUCT_NAME = "$(TARGET_NAME)";
				TEST_HOST = "$(BUNDLE_LOADER)";
				WRAPPER_EXTENSION = xctest;
			};
			name = Release;
		};
/* End XCBuildConfiguration section */

/* Begin XCConfigurationList section */
		6C504329198DED3700DF881F /* Build configuration list for PBXProject "BeaconGuide" */ = {
			isa = XCConfigurationList;
			buildConfigurations = (
				6C504358198DED3700DF881F /* Debug */,
				6C504359198DED3700DF881F /* Release */,
			);
			defaultConfigurationIsVisible = 0;
			defaultConfigurationName = Release;
		};
		6C50435A198DED3700DF881F /* Build configuration list for PBXNativeTarget "BeaconGuide" */ = {
			isa = XCConfigurationList;
			buildConfigurations = (
				6C50435B198DED3700DF881F /* Debug */,
				6C50435C198DED3700DF881F /* Release */,
			);
			defaultConfigurationIsVisible = 0;
			defaultConfigurationName = Release;
		};
		6C50435D198DED3700DF881F /* Build configuration list for PBXNativeTarget "BeaconGuideTests" */ = {
			isa = XCConfigurationList;
			buildConfigurations = (
				6C50435E198DED3700DF881F /* Debug */,
				6C50435F198DED3700DF881F /* Release */,
			);
			defaultConfigurationIsVisible = 0;
			defaultConfigurationName = Release;
		};
/* End XCConfigurationList section */
	};
	rootObject = 6C504326198DED3700DF881F /* Project object */;
}
